
Microsoft Visual Studio Solution File, Format Version 12.00
# Visual Studio Version 17
VisualStudioVersion = 17.6.33829.357
MinimumVisualStudioVersion = 10.0.40219.1
Project("{9A19103F-16F7-4668-BE54-9A1E7A4F7556}") = "Start_And_Stipes", "Start_And_Stipes\Start_And_Stipes.csproj", "{F6450261-4EDC-46E9-8B09-96368DB764F7}"
EndProject
Project("{FAE04EC0-301F-11D3-BF4B-00C04F79EFBC}") = "TemperaturBeregner", "TemperaturBeregner\TemperaturBeregner.csproj", "{07C60BD1-B669-4D2A-A24E-89F937A32CBA}"
EndProject
Project("{FAE04EC0-301F-11D3-BF4B-00C04F79EFBC}") = "Rumfang", "Rumfang\Rumfang.csproj", "{129C0B6A-BE85-4F4F-9D00-13CD54386B29}"
EndProject
Project("{FAE04EC0-301F-11D3-BF4B-00C04F79EFBC}") = "Fødselsdag", "Fødselsdag\Fødselsdag.csproj", "{6C490775-4EE4-4423-BB27-C6D4FA9E092C}"
EndProject
Global
	GlobalSection(SolutionConfigurationPlatforms) = preSolution
		Debug|Any CPU = Debug|Any CPU
		Release|Any CPU = Release|Any CPU
	EndGlobalSection
	GlobalSection(ProjectConfigurationPlatforms) = postSolution
		{F6450261-4EDC-46E9-8B09-96368DB764F7}.Debug|Any CPU.ActiveCfg = Debug|Any CPU
		{F6450261-4EDC-46E9-8B09-96368DB764F7}.Debug|Any CPU.Build.0 = Debug|Any CPU
		{F6450261-4EDC-46E9-8B09-96368DB764F7}.Release|Any CPU.ActiveCfg = Release|Any CPU
		{F6450261-4EDC-46E9-8B09-96368DB764F7}.Release|Any CPU.Build.0 = Release|Any CPU
		{07C60BD1-B669-4D2A-A24E-89F937A32CBA}.Debug|Any CPU.ActiveCfg = Debug|Any CPU
		{07C60BD1-B669-4D2A-A24E-89F937A32CBA}.Debug|Any CPU.Build.0 = Debug|Any CPU
		{07C60BD1-B669-4D2A-A24E-89F937A32CBA}.Release|Any CPU.ActiveCfg = Release|Any CPU
		{07C60BD1-B669-4D2A-A24E-89F937A32CBA}.Release|Any CPU.Build.0 = Release|Any CPU
		{129C0B6A-BE85-4F4F-9D00-13CD54386B29}.Debug|Any CPU.ActiveCfg = Debug|Any CPU
		{129C0B6A-BE85-4F4F-9D00-13CD54386B29}.Debug|Any CPU.Build.0 = Debug|Any CPU
		{129C0B6A-BE85-4F4F-9D00-13CD54386B29}.Release|Any CPU.ActiveCfg = Release|Any CPU
		{129C0B6A-BE85-4F4F-9D00-13CD54386B29}.Release|Any CPU.Build.0 = Release|Any CPU
		{6C490775-4EE4-4423-BB27-C6D4FA9E092C}.Debug|Any CPU.ActiveCfg = Debug|Any CPU
		{6C490775-4EE4-4423-BB27-C6D4FA9E092C}.Debug|Any CPU.Build.0 = Debug|Any CPU
		{6C490775-4EE4-4423-BB27-C6D4FA9E092C}.Release|Any CPU.ActiveCfg = Release|Any CPU
		{6C490775-4EE4-4423-BB27-C6D4FA9E092C}.Release|Any CPU.Build.0 = Release|Any CPU
	EndGlobalSection
	GlobalSection(SolutionProperties) = preSolution
		HideSolutionNode = FALSE
	EndGlobalSection
	GlobalSection(ExtensibilityGlobals) = postSolution
		SolutionGuid = {AD56F4C3-E6E3-46FD-A657-D33FA1DCEAE1}
	EndGlobalSection
EndGlobal
